// !$*UTF8*$!
{
	archiveVersion = 1;
	classes = {
	};
	objectVersion = 50;
	objects = {

/* Begin PBXBuildFile section */
		A1F57AC6214C15EB00BC8357 /* main.m in Sources */ = {isa = PBXBuildFile; fileRef = A1F57AC5214C15EB00BC8357 /* main.m */; };
		A1F57ACE214C170D00BC8357 /* InputCollector.m in Sources */ = {isa = PBXBuildFile; fileRef = A1F57ACD214C170D00BC8357 /* InputCollector.m */; };
		A1F57AD1214C18B400BC8357 /* PaymentGateway.m in Sources */ = {isa = PBXBuildFile; fileRef = A1F57AD0214C18B400BC8357 /* PaymentGateway.m */; };
		A1F57AD4214C198100BC8357 /* PaypalPaymentService.m in Sources */ = {isa = PBXBuildFile; fileRef = A1F57AD3214C198100BC8357 /* PaypalPaymentService.m */; };
		A1F57AD7214C198A00BC8357 /* StripePaymentService.m in Sources */ = {isa = PBXBuildFile; fileRef = A1F57AD6214C198A00BC8357 /* StripePaymentService.m */; };
		A1F57ADA214C199400BC8357 /* AmazonPaymentService.m in Sources */ = {isa = PBXBuildFile; fileRef = A1F57AD9214C199400BC8357 /* AmazonPaymentService.m */; };
		A1F57ADD214C21E300BC8357 /* ApplePaymentService.m in Sources */ = {isa = PBXBuildFile; fileRef = A1F57ADC214C21E300BC8357 /* ApplePaymentService.m */; };
/* End PBXBuildFile section */

/* Begin PBXCopyFilesBuildPhase section */
		A1F57AC0214C15EB00BC8357 /* CopyFiles */ = {
			isa = PBXCopyFilesBuildPhase;
			buildActionMask = 2147483647;
			dstPath = /usr/share/man/man1/;
			dstSubfolderSpec = 0;
			files = (
			);
			runOnlyForDeploymentPostprocessing = 1;
		};
/* End PBXCopyFilesBuildPhase section */

/* Begin PBXFileReference section */
		A1F57AC2214C15EB00BC8357 /* Lab10 */ = {isa = PBXFileReference; explicitFileType = "compiled.mach-o.executable"; includeInIndex = 0; path = Lab10; sourceTree = BUILT_PRODUCTS_DIR; };
		A1F57AC5214C15EB00BC8357 /* main.m */ = {isa = PBXFileReference; lastKnownFileType = sourcecode.c.objc; path = main.m; sourceTree = "<group>"; };
		A1F57ACC214C170D00BC8357 /* InputCollector.h */ = {isa = PBXFileReference; fileEncoding = 4; lastKnownFileType = sourcecode.c.h; name = InputCollector.h; path = ../../Lab4/Lab4/InputCollector.h; sourceTree = "<group>"; };
		A1F57ACD214C170D00BC8357 /* InputCollector.m */ = {isa = PBXFileReference; fileEncoding = 4; lastKnownFileType = sourcecode.c.objc; name = InputCollector.m; path = ../../Lab4/Lab4/InputCollector.m; sourceTree = "<group>"; };
		A1F57ACF214C18B400BC8357 /* PaymentGateway.h */ = {isa = PBXFileReference; lastKnownFileType = sourcecode.c.h; path = PaymentGateway.h; sourceTree = "<group>"; };
		A1F57AD0214C18B400BC8357 /* PaymentGateway.m */ = {isa = PBXFileReference; lastKnownFileType = sourcecode.c.objc; path = PaymentGateway.m; sourceTree = "<group>"; };
		A1F57AD2214C198100BC8357 /* PaypalPaymentService.h */ = {isa = PBXFileReference; lastKnownFileType = sourcecode.c.h; path = PaypalPaymentService.h; sourceTree = "<group>"; };
		A1F57AD3214C198100BC8357 /* PaypalPaymentService.m */ = {isa = PBXFileReference; lastKnownFileType = sourcecode.c.objc; path = PaypalPaymentService.m; sourceTree = "<group>"; };
		A1F57AD5214C198A00BC8357 /* StripePaymentService.h */ = {isa = PBXFileReference; lastKnownFileType = sourcecode.c.h; path = StripePaymentService.h; sourceTree = "<group>"; };
		A1F57AD6214C198A00BC8357 /* StripePaymentService.m */ = {isa = PBXFileReference; lastKnownFileType = sourcecode.c.objc; path = StripePaymentService.m; sourceTree = "<group>"; };
		A1F57AD8214C199400BC8357 /* AmazonPaymentService.h */ = {isa = PBXFileReference; lastKnownFileType = sourcecode.c.h; path = AmazonPaymentService.h; sourceTree = "<group>"; };
		A1F57AD9214C199400BC8357 /* AmazonPaymentService.m */ = {isa = PBXFileReference; lastKnownFileType = sourcecode.c.objc; path = AmazonPaymentService.m; sourceTree = "<group>"; };
		A1F57ADB214C21E300BC8357 /* ApplePaymentService.h */ = {isa = PBXFileReference; lastKnownFileType = sourcecode.c.h; path = ApplePaymentService.h; sourceTree = "<group>"; };
		A1F57ADC214C21E300BC8357 /* ApplePaymentService.m */ = {isa = PBXFileReference; lastKnownFileType = sourcecode.c.objc; path = ApplePaymentService.m; sourceTree = "<group>"; };
/* End PBXFileReference section */

/* Begin PBXFrameworksBuildPhase section */
		A1F57ABF214C15EB00BC8357 /* Frameworks */ = {
			isa = PBXFrameworksBuildPhase;
			buildActionMask = 2147483647;
			files = (
			);
			runOnlyForDeploymentPostprocessing = 0;
		};
/* End PBXFrameworksBuildPhase section */

/* Begin PBXGroup section */
		A1F57AB9214C15EB00BC8357 = {
			isa = PBXGroup;
			children = (
				A1F57AC4214C15EB00BC8357 /* Lab10 */,
				A1F57AC3214C15EB00BC8357 /* Products */,
			);
			sourceTree = "<group>";
		};
		A1F57AC3214C15EB00BC8357 /* Products */ = {
			isa = PBXGroup;
			children = (
				A1F57AC2214C15EB00BC8357 /* Lab10 */,
			);
			name = Products;
			sourceTree = "<group>";
		};
		A1F57AC4214C15EB00BC8357 /* Lab10 */ = {
			isa = PBXGroup;
			children = (
				A1F57AC5214C15EB00BC8357 /* main.m */,
				A1F57AD2214C198100BC8357 /* PaypalPaymentService.h */,
				A1F57AD3214C198100BC8357 /* PaypalPaymentService.m */,
				A1F57ADB214C21E300BC8357 /* ApplePaymentService.h */,
				A1F57ADC214C21E300BC8357 /* ApplePaymentService.m */,
				A1F57AD5214C198A00BC8357 /* StripePaymentService.h */,
				A1F57AD6214C198A00BC8357 /* StripePaymentService.m */,
				A1F57AD8214C199400BC8357 /* AmazonPaymentService.h */,
				A1F57AD9214C199400BC8357 /* AmazonPaymentService.m */,
				A1F57ACF214C18B400BC8357 /* PaymentGateway.h */,
				A1F57AD0214C18B400BC8357 /* PaymentGateway.m */,
				A1F57ACC214C170D00BC8357 /* InputCollector.h */,
				A1F57ACD214C170D00BC8357 /* InputCollector.m */,
			);
			path = Lab10;
			sourceTree = "<group>";
		};
/* End PBXGroup section */

/* Begin PBXNativeTarget section */
		A1F57AC1214C15EB00BC8357 /* Lab10 */ = {
			isa = PBXNativeTarget;
			buildConfigurationList = A1F57AC9214C15EB00BC8357 /* Build configuration list for PBXNativeTarget "Lab10" */;
			buildPhases = (
				A1F57ABE214C15EB00BC8357 /* Sources */,
				A1F57ABF214C15EB00BC8357 /* Frameworks */,
				A1F57AC0214C15EB00BC8357 /* CopyFiles */,
			);
			buildRules = (
			);
			dependencies = (
			);
			name = Lab10;
			productName = Lab10;
			productReference = A1F57AC2214C15EB00BC8357 /* Lab10 */;
			productType = "com.apple.product-type.tool";
		};
/* End PBXNativeTarget section */

/* Begin PBXProject section */
		A1F57ABA214C15EB00BC8357 /* Project object */ = {
			isa = PBXProject;
			attributes = {
				LastUpgradeCheck = 0940;
				ORGANIZATIONNAME = "Marcelo Longen";
				TargetAttributes = {
					A1F57AC1214C15EB00BC8357 = {
						CreatedOnToolsVersion = 9.4.1;
					};
				};
			};
			buildConfigurationList = A1F57ABD214C15EB00BC8357 /* Build configuration list for PBXProject "Lab10" */;
			compatibilityVersion = "Xcode 9.3";
			developmentRegion = en;
			hasScannedForEncodings = 0;
			knownRegions = (
				en,
			);
			mainGroup = A1F57AB9214C15EB00BC8357;
			productRefGroup = A1F57AC3214C15EB00BC8357 /* Products */;
			projectDirPath = "";
			projectRoot = "";
			targets = (
				A1F57AC1214C15EB00BC8357 /* Lab10 */,
			);
		};
/* End PBXProject section */

/* Begin PBXSourcesBuildPhase section */
		A1F57ABE214C15EB00BC8357 /* Sources */ = {
			isa = PBXSourcesBuildPhase;
			buildActionMask = 2147483647;
			files = (
				A1F57ADA214C199400BC8357 /* AmazonPaymentService.m in Sources */,
				A1F57AD7214C198A00BC8357 /* StripePaymentService.m in Sources */,
				A1F57AD1214C18B400BC8357 /* PaymentGateway.m in Sources */,
				A1F57ADD214C21E300BC8357 /* ApplePaymentService.m in Sources */,
				A1F57ACE214C170D00BC8357 /* InputCollector.m in Sources */,
				A1F57AC6214C15EB00BC8357 /* main.m in Sources */,
				A1F57AD4214C198100BC8357 /* PaypalPaymentService.m in Sources */,
			);
			runOnlyForDeploymentPostprocessing = 0;
		};
/* End PBXSourcesBuildPhase section */

/* Begin XCBuildConfiguration section */
		A1F57AC7214C15EB00BC8357 /* Debug */ = {
			isa = XCBuildConfiguration;
			buildSettings = {
				ALWAYS_SEARCH_USER_PATHS = NO;
				CLANG_ANALYZER_NONNULL = YES;
				CLANG_ANALYZER_NUMBER_OBJECT_CONVERSION = YES_AGGRESSIVE;
				CLANG_CXX_LANGUAGE_STANDARD = "gnu++14";
				CLANG_CXX_LIBRARY = "libc++";
				CLANG_ENABLE_MODULES = YES;
				CLANG_ENABLE_OBJC_ARC = YES;
				CLANG_ENABLE_OBJC_WEAK = YES;
				CLANG_WARN_BLOCK_CAPTURE_AUTORELEASING = YES;
				CLANG_WARN_BOOL_CONVERSION = YES;
				CLANG_WARN_COMMA = YES;
				CLANG_WARN_CONSTANT_CONVERSION = YES;
				CLANG_WARN_DEPRECATED_OBJC_IMPLEMENTATIONS = YES;
				CLANG_WARN_DIRECT_OBJC_ISA_USAGE = YES_ERROR;
				CLANG_WARN_DOCUMENTATION_COMMENTS = YES;
				CLANG_WARN_EMPTY_BODY = YES;
				CLANG_WARN_ENUM_CONVERSION = YES;
				CLANG_WARN_INFINITE_RECURSION = YES;
				CLANG_WARN_INT_CONVERSION = YES;
				CLANG_WARN_NON_LITERAL_NULL_CONVERSION = YES;
				CLANG_WARN_OBJC_IMPLICIT_RETAIN_SELF = YES;
				CLANG_WARN_OBJC_LITERAL_CONVERSION = YES;
				CLANG_WARN_OBJC_ROOT_CLASS = YES_ERROR;
				CLANG_WARN_RANGE_LOOP_ANALYSIS = YES;
				CLANG_WARN_STRICT_PROTOTYPES = YES;
				CLANG_WARN_SUSPICIOUS_MOVE = YES;
				CLANG_WARN_UNGUARDED_AVAILABILITY = YES_AGGRESSIVE;
				CLANG_WARN_UNREACHABLE_CODE = YES;
				CLANG_WARN__DUPLICATE_METHOD_MATCH = YES;
				CODE_SIGN_IDENTITY = "-";
				COPY_PHASE_STRIP = NO;
				DEBUG_INFORMATION_FORMAT = dwarf;
				ENABLE_STRICT_OBJC_MSGSEND = YES;
				ENABLE_TESTABILITY = YES;
				GCC_C_LANGUAGE_STANDARD = gnu11;
				GCC_DYNAMIC_NO_PIC = NO;
				GCC_NO_COMMON_BLOCKS = YES;
				GCC_OPTIMIZATION_LEVEL = 0;
				GCC_PREPROCESSOR_DEFINITIONS = (
					"DEBUG=1",
					"$(inherited)",
				);
				GCC_WARN_64_TO_32_BIT_CONVERSION = YES;
				GCC_WARN_ABOUT_RETURN_TYPE = YES_ERROR;
				GCC_WARN_UNDECLARED_SELECTOR = YES;
				GCC_WARN_UNINITIALIZED_AUTOS = YES_AGGRESSIVE;
				GCC_WARN_UNUSED_FUNCTION = YES;
				GCC_WARN_UNUSED_VARIABLE = YES;
				MACOSX_DEPLOYMENT_TARGET = 10.13;
				MTL_ENABLE_DEBUG_INFO = YES;
				ONLY_ACTIVE_ARCH = YES;
				SDKROOT = macosx;
			};
			name = Debug;
		};
		A1F57AC8214C15EB00BC8357 /* Release */ = {
			isa = XCBuildConfiguration;
			buildSettings = {
				ALWAYS_SEARCH_USER_PATHS = NO;
				CLANG_ANALYZER_NONNULL = YES;
				CLANG_ANALYZER_NUMBER_OBJECT_CONVERSION = YES_AGGRESSIVE;
				CLANG_CXX_LANGUAGE_STANDARD = "gnu++14";
				CLANG_CXX_LIBRARY = "libc++";
				CLANG_ENABLE_MODULES = YES;
				CLANG_ENABLE_OBJC_ARC = YES;
				CLANG_ENABLE_OBJC_WEAK = YES;
				CLANG_WARN_BLOCK_CAPTURE_AUTORELEASING = YES;
				CLANG_WARN_BOOL_CONVERSION = YES;
				CLANG_WARN_COMMA = YES;
				CLANG_WARN_CONSTANT_CONVERSION = YES;
				CLANG_WARN_DEPRECATED_OBJC_IMPLEMENTATIONS = YES;
				CLANG_WARN_DIRECT_OBJC_ISA_USAGE = YES_ERROR;
				CLANG_WARN_DOCUMENTATION_COMMENTS = YES;
				CLANG_WARN_EMPTY_BODY = YES;
				CLANG_WARN_ENUM_CONVERSION = YES;
				CLANG_WARN_INFINITE_RECURSION = YES;
				CLANG_WARN_INT_CONVERSION = YES;
				CLANG_WARN_NON_LITERAL_NULL_CONVERSION = YES;
				CLANG_WARN_OBJC_IMPLICIT_RETAIN_SELF = YES;
				CLANG_WARN_OBJC_LITERAL_CONVERSION = YES;
				CLANG_WARN_OBJC_ROOT_CLASS = YES_ERROR;
				CLANG_WARN_RANGE_LOOP_ANALYSIS = YES;
				CLANG_WARN_STRICT_PROTOTYPES = YES;
				CLANG_WARN_SUSPICIOUS_MOVE = YES;
				CLANG_WARN_UNGUARDED_AVAILABILITY = YES_AGGRESSIVE;
				CLANG_WARN_UNREACHABLE_CODE = YES;
				CLANG_WARN__DUPLICATE_METHOD_MATCH = YES;
				CODE_SIGN_IDENTITY = "-";
				COPY_PHASE_STRIP = NO;
				DEBUG_INFORMATION_FORMAT = "dwarf-with-dsym";
				ENABLE_NS_ASSERTIONS = NO;
				ENABLE_STRICT_OBJC_MSGSEND = YES;
				GCC_C_LANGUAGE_STANDARD = gnu11;
				GCC_NO_COMMON_BLOCKS = YES;
				GCC_WARN_64_TO_32_BIT_CONVERSION = YES;
				GCC_WARN_ABOUT_RETURN_TYPE = YES_ERROR;
				GCC_WARN_UNDECLARED_SELECTOR = YES;
				GCC_WARN_UNINITIALIZED_AUTOS = YES_AGGRESSIVE;
				GCC_WARN_UNUSED_FUNCTION = YES;
				GCC_WARN_UNUSED_VARIABLE = YES;
				MACOSX_DEPLOYMENT_TARGET = 10.13;
				MTL_ENABLE_DEBUG_INFO = NO;
				SDKROOT = macosx;
			};
			name = Release;
		};
		A1F57ACA214C15EB00BC8357 /* Debug */ = {
			isa = XCBuildConfiguration;
			buildSettings = {
				CODE_SIGN_STYLE = Automatic;
				PRODUCT_NAME = "$(TARGET_NAME)";
			};
			name = Debug;
		};
		A1F57ACB214C15EB00BC8357 /* Release */ = {
			isa = XCBuildConfiguration;
			buildSettings = {
				CODE_SIGN_STYLE = Automatic;
				PRODUCT_NAME = "$(TARGET_NAME)";
			};
			name = Release;
		};
/* End XCBuildConfiguration section */

/* Begin XCConfigurationList section */
		A1F57ABD214C15EB00BC8357 /* Build configuration list for PBXProject "Lab10" */ = {
			isa = XCConfigurationList;
			buildConfigurations = (
				A1F57AC7214C15EB00BC8357 /* Debug */,
				A1F57AC8214C15EB00BC8357 /* Release */,
			);
			defaultConfigurationIsVisible = 0;
			defaultConfigurationName = Release;
		};
		A1F57AC9214C15EB00BC8357 /* Build configuration list for PBXNativeTarget "Lab10" */ = {
			isa = XCConfigurationList;
			buildConfigurations = (
				A1F57ACA214C15EB00BC8357 /* Debug */,
				A1F57ACB214C15EB00BC8357 /* Release */,
			);
			defaultConfigurationIsVisible = 0;
			defaultConfigurationName = Release;
		};
/* End XCConfigurationList section */
	};
	rootObject = A1F57ABA214C15EB00BC8357 /* Project object */;
}
