// !$*UTF8*$!
{
	archiveVersion = 1;
	classes = {
	};
	objectVersion = 50;
	objects = {

/* Begin PBXBuildFile section */
		A139605E214AD78800E8F68A /* main.m in Sources */ = {isa = PBXBuildFile; fileRef = A139605D214AD78800E8F68A /* main.m */; };
		A1396067214AD81A00E8F68A /* Greeter.m in Sources */ = {isa = PBXBuildFile; fileRef = A1396066214AD81A00E8F68A /* Greeter.m */; };
		A139606A214AD8D800E8F68A /* LovelyPerson.m in Sources */ = {isa = PBXBuildFile; fileRef = A1396069214AD8D800E8F68A /* LovelyPerson.m */; };
		A139606D214AD8FA00E8F68A /* GrumpyPerson.m in Sources */ = {isa = PBXBuildFile; fileRef = A139606C214AD8FA00E8F68A /* GrumpyPerson.m */; };
/* End PBXBuildFile section */

/* Begin PBXCopyFilesBuildPhase section */
		A1396058214AD78800E8F68A /* CopyFiles */ = {
			isa = PBXCopyFilesBuildPhase;
			buildActionMask = 2147483647;
			dstPath = /usr/share/man/man1/;
			dstSubfolderSpec = 0;
			files = (
			);
			runOnlyForDeploymentPostprocessing = 1;
		};
/* End PBXCopyFilesBuildPhase section */

/* Begin PBXFileReference section */
		A139605A214AD78800E8F68A /* DelegateDemo */ = {isa = PBXFileReference; explicitFileType = "compiled.mach-o.executable"; includeInIndex = 0; path = DelegateDemo; sourceTree = BUILT_PRODUCTS_DIR; };
		A139605D214AD78800E8F68A /* main.m */ = {isa = PBXFileReference; lastKnownFileType = sourcecode.c.objc; path = main.m; sourceTree = "<group>"; };
		A1396064214AD7A600E8F68A /* GreeterDelegate.h */ = {isa = PBXFileReference; lastKnownFileType = sourcecode.c.h; path = GreeterDelegate.h; sourceTree = "<group>"; };
		A1396065214AD81A00E8F68A /* Greeter.h */ = {isa = PBXFileReference; lastKnownFileType = sourcecode.c.h; path = Greeter.h; sourceTree = "<group>"; };
		A1396066214AD81A00E8F68A /* Greeter.m */ = {isa = PBXFileReference; lastKnownFileType = sourcecode.c.objc; path = Greeter.m; sourceTree = "<group>"; };
		A1396068214AD8D800E8F68A /* LovelyPerson.h */ = {isa = PBXFileReference; lastKnownFileType = sourcecode.c.h; path = LovelyPerson.h; sourceTree = "<group>"; };
		A1396069214AD8D800E8F68A /* LovelyPerson.m */ = {isa = PBXFileReference; lastKnownFileType = sourcecode.c.objc; path = LovelyPerson.m; sourceTree = "<group>"; };
		A139606B214AD8FA00E8F68A /* GrumpyPerson.h */ = {isa = PBXFileReference; lastKnownFileType = sourcecode.c.h; path = GrumpyPerson.h; sourceTree = "<group>"; };
		A139606C214AD8FA00E8F68A /* GrumpyPerson.m */ = {isa = PBXFileReference; lastKnownFileType = sourcecode.c.objc; path = GrumpyPerson.m; sourceTree = "<group>"; };
/* End PBXFileReference section */

/* Begin PBXFrameworksBuildPhase section */
		A1396057214AD78800E8F68A /* Frameworks */ = {
			isa = PBXFrameworksBuildPhase;
			buildActionMask = 2147483647;
			files = (
			);
			runOnlyForDeploymentPostprocessing = 0;
		};
/* End PBXFrameworksBuildPhase section */

/* Begin PBXGroup section */
		A1396051214AD78800E8F68A = {
			isa = PBXGroup;
			children = (
				A139605C214AD78800E8F68A /* DelegateDemo */,
				A139605B214AD78800E8F68A /* Products */,
			);
			sourceTree = "<group>";
		};
		A139605B214AD78800E8F68A /* Products */ = {
			isa = PBXGroup;
			children = (
				A139605A214AD78800E8F68A /* DelegateDemo */,
			);
			name = Products;
			sourceTree = "<group>";
		};
		A139605C214AD78800E8F68A /* DelegateDemo */ = {
			isa = PBXGroup;
			children = (
				A139605D214AD78800E8F68A /* main.m */,
				A1396064214AD7A600E8F68A /* GreeterDelegate.h */,
				A1396065214AD81A00E8F68A /* Greeter.h */,
				A1396066214AD81A00E8F68A /* Greeter.m */,
				A1396068214AD8D800E8F68A /* LovelyPerson.h */,
				A1396069214AD8D800E8F68A /* LovelyPerson.m */,
				A139606B214AD8FA00E8F68A /* GrumpyPerson.h */,
				A139606C214AD8FA00E8F68A /* GrumpyPerson.m */,
			);
			path = DelegateDemo;
			sourceTree = "<group>";
		};
/* End PBXGroup section */

/* Begin PBXNativeTarget section */
		A1396059214AD78800E8F68A /* DelegateDemo */ = {
			isa = PBXNativeTarget;
			buildConfigurationList = A1396061214AD78800E8F68A /* Build configuration list for PBXNativeTarget "DelegateDemo" */;
			buildPhases = (
				A1396056214AD78800E8F68A /* Sources */,
				A1396057214AD78800E8F68A /* Frameworks */,
				A1396058214AD78800E8F68A /* CopyFiles */,
			);
			buildRules = (
			);
			dependencies = (
			);
			name = DelegateDemo;
			productName = DelegateDemo;
			productReference = A139605A214AD78800E8F68A /* DelegateDemo */;
			productType = "com.apple.product-type.tool";
		};
/* End PBXNativeTarget section */

/* Begin PBXProject section */
		A1396052214AD78800E8F68A /* Project object */ = {
			isa = PBXProject;
			attributes = {
				LastUpgradeCheck = 0940;
				ORGANIZATIONNAME = "Marcelo Longen";
				TargetAttributes = {
					A1396059214AD78800E8F68A = {
						CreatedOnToolsVersion = 9.4.1;
					};
				};
			};
			buildConfigurationList = A1396055214AD78800E8F68A /* Build configuration list for PBXProject "DelegateDemo" */;
			compatibilityVersion = "Xcode 9.3";
			developmentRegion = en;
			hasScannedForEncodings = 0;
			knownRegions = (
				en,
			);
			mainGroup = A1396051214AD78800E8F68A;
			productRefGroup = A139605B214AD78800E8F68A /* Products */;
			projectDirPath = "";
			projectRoot = "";
			targets = (
				A1396059214AD78800E8F68A /* DelegateDemo */,
			);
		};
/* End PBXProject section */

/* Begin PBXSourcesBuildPhase section */
		A1396056214AD78800E8F68A /* Sources */ = {
			isa = PBXSourcesBuildPhase;
			buildActionMask = 2147483647;
			files = (
				A139606D214AD8FA00E8F68A /* GrumpyPerson.m in Sources */,
				A1396067214AD81A00E8F68A /* Greeter.m in Sources */,
				A139605E214AD78800E8F68A /* main.m in Sources */,
				A139606A214AD8D800E8F68A /* LovelyPerson.m in Sources */,
			);
			runOnlyForDeploymentPostprocessing = 0;
		};
/* End PBXSourcesBuildPhase section */

/* Begin XCBuildConfiguration section */
		A139605F214AD78800E8F68A /* Debug */ = {
			isa = XCBuildConfiguration;
			buildSettings = {
				ALWAYS_SEARCH_USER_PATHS = NO;
				CLANG_ANALYZER_NONNULL = YES;
				CLANG_ANALYZER_NUMBER_OBJECT_CONVERSION = YES_AGGRESSIVE;
				CLANG_CXX_LANGUAGE_STANDARD = "gnu++14";
				CLANG_CXX_LIBRARY = "libc++";
				CLANG_ENABLE_MODULES = YES;
				CLANG_ENABLE_OBJC_ARC = YES;
				CLANG_ENABLE_OBJC_WEAK = YES;
				CLANG_WARN_BLOCK_CAPTURE_AUTORELEASING = YES;
				CLANG_WARN_BOOL_CONVERSION = YES;
				CLANG_WARN_COMMA = YES;
				CLANG_WARN_CONSTANT_CONVERSION = YES;
				CLANG_WARN_DEPRECATED_OBJC_IMPLEMENTATIONS = YES;
				CLANG_WARN_DIRECT_OBJC_ISA_USAGE = YES_ERROR;
				CLANG_WARN_DOCUMENTATION_COMMENTS = YES;
				CLANG_WARN_EMPTY_BODY = YES;
				CLANG_WARN_ENUM_CONVERSION = YES;
				CLANG_WARN_INFINITE_RECURSION = YES;
				CLANG_WARN_INT_CONVERSION = YES;
				CLANG_WARN_NON_LITERAL_NULL_CONVERSION = YES;
				CLANG_WARN_OBJC_IMPLICIT_RETAIN_SELF = YES;
				CLANG_WARN_OBJC_LITERAL_CONVERSION = YES;
				CLANG_WARN_OBJC_ROOT_CLASS = YES_ERROR;
				CLANG_WARN_RANGE_LOOP_ANALYSIS = YES;
				CLANG_WARN_STRICT_PROTOTYPES = YES;
				CLANG_WARN_SUSPICIOUS_MOVE = YES;
				CLANG_WARN_UNGUARDED_AVAILABILITY = YES_AGGRESSIVE;
				CLANG_WARN_UNREACHABLE_CODE = YES;
				CLANG_WARN__DUPLICATE_METHOD_MATCH = YES;
				CODE_SIGN_IDENTITY = "-";
				COPY_PHASE_STRIP = NO;
				DEBUG_INFORMATION_FORMAT = dwarf;
				ENABLE_STRICT_OBJC_MSGSEND = YES;
				ENABLE_TESTABILITY = YES;
				GCC_C_LANGUAGE_STANDARD = gnu11;
				GCC_DYNAMIC_NO_PIC = NO;
				GCC_NO_COMMON_BLOCKS = YES;
				GCC_OPTIMIZATION_LEVEL = 0;
				GCC_PREPROCESSOR_DEFINITIONS = (
					"DEBUG=1",
					"$(inherited)",
				);
				GCC_WARN_64_TO_32_BIT_CONVERSION = YES;
				GCC_WARN_ABOUT_RETURN_TYPE = YES_ERROR;
				GCC_WARN_UNDECLARED_SELECTOR = YES;
				GCC_WARN_UNINITIALIZED_AUTOS = YES_AGGRESSIVE;
				GCC_WARN_UNUSED_FUNCTION = YES;
				GCC_WARN_UNUSED_VARIABLE = YES;
				MACOSX_DEPLOYMENT_TARGET = 10.13;
				MTL_ENABLE_DEBUG_INFO = YES;
				ONLY_ACTIVE_ARCH = YES;
				SDKROOT = macosx;
			};
			name = Debug;
		};
		A1396060214AD78800E8F68A /* Release */ = {
			isa = XCBuildConfiguration;
			buildSettings = {
				ALWAYS_SEARCH_USER_PATHS = NO;
				CLANG_ANALYZER_NONNULL = YES;
				CLANG_ANALYZER_NUMBER_OBJECT_CONVERSION = YES_AGGRESSIVE;
				CLANG_CXX_LANGUAGE_STANDARD = "gnu++14";
				CLANG_CXX_LIBRARY = "libc++";
				CLANG_ENABLE_MODULES = YES;
				CLANG_ENABLE_OBJC_ARC = YES;
				CLANG_ENABLE_OBJC_WEAK = YES;
				CLANG_WARN_BLOCK_CAPTURE_AUTORELEASING = YES;
				CLANG_WARN_BOOL_CONVERSION = YES;
				CLANG_WARN_COMMA = YES;
				CLANG_WARN_CONSTANT_CONVERSION = YES;
				CLANG_WARN_DEPRECATED_OBJC_IMPLEMENTATIONS = YES;
				CLANG_WARN_DIRECT_OBJC_ISA_USAGE = YES_ERROR;
				CLANG_WARN_DOCUMENTATION_COMMENTS = YES;
				CLANG_WARN_EMPTY_BODY = YES;
				CLANG_WARN_ENUM_CONVERSION = YES;
				CLANG_WARN_INFINITE_RECURSION = YES;
				CLANG_WARN_INT_CONVERSION = YES;
				CLANG_WARN_NON_LITERAL_NULL_CONVERSION = YES;
				CLANG_WARN_OBJC_IMPLICIT_RETAIN_SELF = YES;
				CLANG_WARN_OBJC_LITERAL_CONVERSION = YES;
				CLANG_WARN_OBJC_ROOT_CLASS = YES_ERROR;
				CLANG_WARN_RANGE_LOOP_ANALYSIS = YES;
				CLANG_WARN_STRICT_PROTOTYPES = YES;
				CLANG_WARN_SUSPICIOUS_MOVE = YES;
				CLANG_WARN_UNGUARDED_AVAILABILITY = YES_AGGRESSIVE;
				CLANG_WARN_UNREACHABLE_CODE = YES;
				CLANG_WARN__DUPLICATE_METHOD_MATCH = YES;
				CODE_SIGN_IDENTITY = "-";
				COPY_PHASE_STRIP = NO;
				DEBUG_INFORMATION_FORMAT = "dwarf-with-dsym";
				ENABLE_NS_ASSERTIONS = NO;
				ENABLE_STRICT_OBJC_MSGSEND = YES;
				GCC_C_LANGUAGE_STANDARD = gnu11;
				GCC_NO_COMMON_BLOCKS = YES;
				GCC_WARN_64_TO_32_BIT_CONVERSION = YES;
				GCC_WARN_ABOUT_RETURN_TYPE = YES_ERROR;
				GCC_WARN_UNDECLARED_SELECTOR = YES;
				GCC_WARN_UNINITIALIZED_AUTOS = YES_AGGRESSIVE;
				GCC_WARN_UNUSED_FUNCTION = YES;
				GCC_WARN_UNUSED_VARIABLE = YES;
				MACOSX_DEPLOYMENT_TARGET = 10.13;
				MTL_ENABLE_DEBUG_INFO = NO;
				SDKROOT = macosx;
			};
			name = Release;
		};
		A1396062214AD78800E8F68A /* Debug */ = {
			isa = XCBuildConfiguration;
			buildSettings = {
				CODE_SIGN_STYLE = Automatic;
				PRODUCT_NAME = "$(TARGET_NAME)";
			};
			name = Debug;
		};
		A1396063214AD78800E8F68A /* Release */ = {
			isa = XCBuildConfiguration;
			buildSettings = {
				CODE_SIGN_STYLE = Automatic;
				PRODUCT_NAME = "$(TARGET_NAME)";
			};
			name = Release;
		};
/* End XCBuildConfiguration section */

/* Begin XCConfigurationList section */
		A1396055214AD78800E8F68A /* Build configuration list for PBXProject "DelegateDemo" */ = {
			isa = XCConfigurationList;
			buildConfigurations = (
				A139605F214AD78800E8F68A /* Debug */,
				A1396060214AD78800E8F68A /* Release */,
			);
			defaultConfigurationIsVisible = 0;
			defaultConfigurationName = Release;
		};
		A1396061214AD78800E8F68A /* Build configuration list for PBXNativeTarget "DelegateDemo" */ = {
			isa = XCConfigurationList;
			buildConfigurations = (
				A1396062214AD78800E8F68A /* Debug */,
				A1396063214AD78800E8F68A /* Release */,
			);
			defaultConfigurationIsVisible = 0;
			defaultConfigurationName = Release;
		};
/* End XCConfigurationList section */
	};
	rootObject = A1396052214AD78800E8F68A /* Project object */;
}
